
Microsoft Visual Studio Solution File, Format Version 12.00
# Visual Studio Version 16
VisualStudioVersion = 16.0.30907.101
MinimumVisualStudioVersion = 10.0.40219.1
Project("{FAE04EC0-301F-11D3-BF4B-00C04F79EFBC}") = "lab parformance1final", "lab parformance1final\lab parformance1final.csproj", "{4627EBBE-DB8C-479D-B983-DB71FD7F847F}"
EndProject
Global
	GlobalSection(SolutionConfigurationPlatforms) = preSolution
		Debug|Any CPU = Debug|Any CPU
		Release|Any CPU = Release|Any CPU
	EndGlobalSection
	GlobalSection(ProjectConfigurationPlatforms) = postSolution
		{4627EBBE-DB8C-479D-B983-DB71FD7F847F}.Debug|Any CPU.ActiveCfg = Debug|Any CPU
		{4627EBBE-DB8C-479D-B983-DB71FD7F847F}.Debug|Any CPU.Build.0 = Debug|Any CPU
		{4627EBBE-DB8C-479D-B983-DB71FD7F847F}.Release|Any CPU.ActiveCfg = Release|Any CPU
		{4627EBBE-DB8C-479D-B983-DB71FD7F847F}.Release|Any CPU.Build.0 = Release|Any CPU
	EndGlobalSection
	GlobalSection(SolutionProperties) = preSolution
		HideSolutionNode = FALSE
	EndGlobalSection
	GlobalSection(ExtensibilityGlobals) = postSolution
		SolutionGuid = {00E21DA4-C457-423C-94FD-2EECBFA8B398}
	EndGlobalSection
EndGlobal
